// !$*UTF8*$!
{
	archiveVersion = 1;
	classes = {
	};
	objectVersion = 46;
	objects = {

/* Begin PBXBuildFile section */
		BA4CEC36195D2058005FD989 /* Foundation.framework in Frameworks */ = {isa = PBXBuildFile; fileRef = BA4CEC35195D2058005FD989 /* Foundation.framework */; };
		BA4CEC38195D2058005FD989 /* CoreGraphics.framework in Frameworks */ = {isa = PBXBuildFile; fileRef = BA4CEC37195D2058005FD989 /* CoreGraphics.framework */; };
		BA4CEC3A195D2058005FD989 /* UIKit.framework in Frameworks */ = {isa = PBXBuildFile; fileRef = BA4CEC39195D2058005FD989 /* UIKit.framework */; };
		BA4CEC40195D2058005FD989 /* InfoPlist.strings in Resources */ = {isa = PBXBuildFile; fileRef = BA4CEC3E195D2058005FD989 /* InfoPlist.strings */; };
		BA4CEC42195D2058005FD989 /* main.m in Sources */ = {isa = PBXBuildFile; fileRef = BA4CEC41195D2058005FD989 /* main.m */; };
		BA4CEC46195D2058005FD989 /* FeAppDelegate.m in Sources */ = {isa = PBXBuildFile; fileRef = BA4CEC45195D2058005FD989 /* FeAppDelegate.m */; };
		BA4CEC49195D2058005FD989 /* Main.storyboard in Resources */ = {isa = PBXBuildFile; fileRef = BA4CEC47195D2058005FD989 /* Main.storyboard */; };
		BA4CEC4C195D2058005FD989 /* FeViewController.m in Sources */ = {isa = PBXBuildFile; fileRef = BA4CEC4B195D2058005FD989 /* FeViewController.m */; };
		BA4CEC4E195D2058005FD989 /* Images.xcassets in Resources */ = {isa = PBXBuildFile; fileRef = BA4CEC4D195D2058005FD989 /* Images.xcassets */; };
		BA4CEC55195D2058005FD989 /* XCTest.framework in Frameworks */ = {isa = PBXBuildFile; fileRef = BA4CEC54195D2058005FD989 /* XCTest.framework */; };
		BA4CEC56195D2058005FD989 /* Foundation.framework in Frameworks */ = {isa = PBXBuildFile; fileRef = BA4CEC35195D2058005FD989 /* Foundation.framework */; };
		BA4CEC57195D2058005FD989 /* UIKit.framework in Frameworks */ = {isa = PBXBuildFile; fileRef = BA4CEC39195D2058005FD989 /* UIKit.framework */; };
		BA4CEC5F195D2058005FD989 /* InfoPlist.strings in Resources */ = {isa = PBXBuildFile; fileRef = BA4CEC5D195D2058005FD989 /* InfoPlist.strings */; };
		BA4CEC61195D2058005FD989 /* FeResponsiveInteractionTests.m in Sources */ = {isa = PBXBuildFile; fileRef = BA4CEC60195D2058005FD989 /* FeResponsiveInteractionTests.m */; };
		BA4CEC6D195D228B005FD989 /* UILabel+ResponsiveInteraction.m in Sources */ = {isa = PBXBuildFile; fileRef = BA4CEC6C195D228B005FD989 /* UILabel+ResponsiveInteraction.m */; };
		BA4CEC71195D2399005FD989 /* UIColor+flat.m in Sources */ = {isa = PBXBuildFile; fileRef = BA4CEC70195D2399005FD989 /* UIColor+flat.m */; };
		BA68A8FA195D69B600144448 /* FeBasicAnimationBlock.m in Sources */ = {isa = PBXBuildFile; fileRef = BA68A8F9195D69B600144448 /* FeBasicAnimationBlock.m */; };
		BAF74EBD1961496B002DC18A /* UIButton+ResponsiveInteraction.m in Sources */ = {isa = PBXBuildFile; fileRef = BAF74EBC1961496B002DC18A /* UIButton+ResponsiveInteraction.m */; };
/* End PBXBuildFile section */

/* Begin PBXContainerItemProxy section */
		BA4CEC58195D2058005FD989 /* PBXContainerItemProxy */ = {
			isa = PBXContainerItemProxy;
			containerPortal = BA4CEC2A195D2058005FD989 /* Project object */;
			proxyType = 1;
			remoteGlobalIDString = BA4CEC31195D2058005FD989;
			remoteInfo = FeResponsiveInteraction;
		};
/* End PBXContainerItemProxy section */

/* Begin PBXFileReference section */
		BA4CEC32195D2058005FD989 /* FeResponsiveInteraction.app */ = {isa = PBXFileReference; explicitFileType = wrapper.application; includeInIndex = 0; path = FeResponsiveInteraction.app; sourceTree = BUILT_PRODUCTS_DIR; };
		BA4CEC35195D2058005FD989 /* Foundation.framework */ = {isa = PBXFileReference; lastKnownFileType = wrapper.framework; name = Foundation.framework; path = System/Library/Frameworks/Foundation.framework; sourceTree = SDKROOT; };
		BA4CEC37195D2058005FD989 /* CoreGraphics.framework */ = {isa = PBXFileReference; lastKnownFileType = wrapper.framework; name = CoreGraphics.framework; path = System/Library/Frameworks/CoreGraphics.framework; sourceTree = SDKROOT; };
		BA4CEC39195D2058005FD989 /* UIKit.framework */ = {isa = PBXFileReference; lastKnownFileType = wrapper.framework; name = UIKit.framework; path = System/Library/Frameworks/UIKit.framework; sourceTree = SDKROOT; };
		BA4CEC3D195D2058005FD989 /* FeResponsiveInteraction-Info.plist */ = {isa = PBXFileReference; lastKnownFileType = text.plist.xml; path = "FeResponsiveInteraction-Info.plist"; sourceTree = "<group>"; };
		BA4CEC3F195D2058005FD989 /* en */ = {isa = PBXFileReference; lastKnownFileType = text.plist.strings; name = en; path = en.lproj/InfoPlist.strings; sourceTree = "<group>"; };
		BA4CEC41195D2058005FD989 /* main.m */ = {isa = PBXFileReference; lastKnownFileType = sourcecode.c.objc; path = main.m; sourceTree = "<group>"; };
		BA4CEC43195D2058005FD989 /* FeResponsiveInteraction-Prefix.pch */ = {isa = PBXFileReference; lastKnownFileType = sourcecode.c.h; path = "FeResponsiveInteraction-Prefix.pch"; sourceTree = "<group>"; };
		BA4CEC44195D2058005FD989 /* FeAppDelegate.h */ = {isa = PBXFileReference; lastKnownFileType = sourcecode.c.h; path = FeAppDelegate.h; sourceTree = "<group>"; };
		BA4CEC45195D2058005FD989 /* FeAppDelegate.m */ = {isa = PBXFileReference; lastKnownFileType = sourcecode.c.objc; path = FeAppDelegate.m; sourceTree = "<group>"; };
		BA4CEC48195D2058005FD989 /* Base */ = {isa = PBXFileReference; lastKnownFileType = file.storyboard; name = Base; path = Base.lproj/Main.storyboard; sourceTree = "<group>"; };
		BA4CEC4A195D2058005FD989 /* FeViewController.h */ = {isa = PBXFileReference; lastKnownFileType = sourcecode.c.h; path = FeViewController.h; sourceTree = "<group>"; };
		BA4CEC4B195D2058005FD989 /* FeViewController.m */ = {isa = PBXFileReference; lastKnownFileType = sourcecode.c.objc; path = FeViewController.m; sourceTree = "<group>"; };
		BA4CEC4D195D2058005FD989 /* Images.xcassets */ = {isa = PBXFileReference; lastKnownFileType = folder.assetcatalog; path = Images.xcassets; sourceTree = "<group>"; };
		BA4CEC53195D2058005FD989 /* FeResponsiveInteractionTests.xctest */ = {isa = PBXFileReference; explicitFileType = wrapper.cfbundle; includeInIndex = 0; path = FeResponsiveInteractionTests.xctest; sourceTree = BUILT_PRODUCTS_DIR; };
		BA4CEC54195D2058005FD989 /* XCTest.framework */ = {isa = PBXFileReference; lastKnownFileType = wrapper.framework; name = XCTest.framework; path = Library/Frameworks/XCTest.framework; sourceTree = DEVELOPER_DIR; };
		BA4CEC5C195D2058005FD989 /* FeResponsiveInteractionTests-Info.plist */ = {isa = PBXFileReference; lastKnownFileType = text.plist.xml; path = "FeResponsiveInteractionTests-Info.plist"; sourceTree = "<group>"; };
		BA4CEC5E195D2058005FD989 /* en */ = {isa = PBXFileReference; lastKnownFileType = text.plist.strings; name = en; path = en.lproj/InfoPlist.strings; sourceTree = "<group>"; };
		BA4CEC60195D2058005FD989 /* FeResponsiveInteractionTests.m */ = {isa = PBXFileReference; lastKnownFileType = sourcecode.c.objc; path = FeResponsiveInteractionTests.m; sourceTree = "<group>"; };
		BA4CEC6B195D228A005FD989 /* UILabel+ResponsiveInteraction.h */ = {isa = PBXFileReference; fileEncoding = 4; lastKnownFileType = sourcecode.c.h; path = "UILabel+ResponsiveInteraction.h"; sourceTree = "<group>"; };
		BA4CEC6C195D228B005FD989 /* UILabel+ResponsiveInteraction.m */ = {isa = PBXFileReference; fileEncoding = 4; lastKnownFileType = sourcecode.c.objc; path = "UILabel+ResponsiveInteraction.m"; sourceTree = "<group>"; };
		BA4CEC6F195D2399005FD989 /* UIColor+flat.h */ = {isa = PBXFileReference; fileEncoding = 4; lastKnownFileType = sourcecode.c.h; path = "UIColor+flat.h"; sourceTree = "<group>"; };
		BA4CEC70195D2399005FD989 /* UIColor+flat.m */ = {isa = PBXFileReference; fileEncoding = 4; lastKnownFileType = sourcecode.c.objc; path = "UIColor+flat.m"; sourceTree = "<group>"; };
		BA68A8F8195D69B600144448 /* FeBasicAnimationBlock.h */ = {isa = PBXFileReference; fileEncoding = 4; lastKnownFileType = sourcecode.c.h; path = FeBasicAnimationBlock.h; sourceTree = "<group>"; };
		BA68A8F9195D69B600144448 /* FeBasicAnimationBlock.m */ = {isa = PBXFileReference; fileEncoding = 4; lastKnownFileType = sourcecode.c.objc; path = FeBasicAnimationBlock.m; sourceTree = "<group>"; };
		BAF74EBB1961496B002DC18A /* UIButton+ResponsiveInteraction.h */ = {isa = PBXFileReference; fileEncoding = 4; lastKnownFileType = sourcecode.c.h; path = "UIButton+ResponsiveInteraction.h"; sourceTree = "<group>"; };
		BAF74EBC1961496B002DC18A /* UIButton+ResponsiveInteraction.m */ = {isa = PBXFileReference; fileEncoding = 4; lastKnownFileType = sourcecode.c.objc; path = "UIButton+ResponsiveInteraction.m"; sourceTree = "<group>"; };
/* End PBXFileReference section */

/* Begin PBXFrameworksBuildPhase section */
		BA4CEC2F195D2058005FD989 /* Frameworks */ = {
			isa = PBXFrameworksBuildPhase;
			buildActionMask = 2147483647;
			files = (
				BA4CEC38195D2058005FD989 /* CoreGraphics.framework in Frameworks */,
				BA4CEC3A195D2058005FD989 /* UIKit.framework in Frameworks */,
				BA4CEC36195D2058005FD989 /* Foundation.framework in Frameworks */,
			);
			runOnlyForDeploymentPostprocessing = 0;
		};
		BA4CEC50195D2058005FD989 /* Frameworks */ = {
			isa = PBXFrameworksBuildPhase;
			buildActionMask = 2147483647;
			files = (
				BA4CEC55195D2058005FD989 /* XCTest.framework in Frameworks */,
				BA4CEC57195D2058005FD989 /* UIKit.framework in Frameworks */,
				BA4CEC56195D2058005FD989 /* Foundation.framework in Frameworks */,
			);
			runOnlyForDeploymentPostprocessing = 0;
		};
/* End PBXFrameworksBuildPhase section */

/* Begin PBXGroup section */
		BA4CEC29195D2058005FD989 = {
			isa = PBXGroup;
			children = (
				BA4CEC3B195D2058005FD989 /* FeResponsiveInteraction */,
				BA4CEC5A195D2058005FD989 /* FeResponsiveInteractionTests */,
				BA4CEC34195D2058005FD989 /* Frameworks */,
				BA4CEC33195D2058005FD989 /* Products */,
			);
			sourceTree = "<group>";
		};
		BA4CEC33195D2058005FD989 /* Products */ = {
			isa = PBXGroup;
			children = (
				BA4CEC32195D2058005FD989 /* FeResponsiveInteraction.app */,
				BA4CEC53195D2058005FD989 /* FeResponsiveInteractionTests.xctest */,
			);
			name = Products;
			sourceTree = "<group>";
		};
		BA4CEC34195D2058005FD989 /* Frameworks */ = {
			isa = PBXGroup;
			children = (
				BA4CEC35195D2058005FD989 /* Foundation.framework */,
				BA4CEC37195D2058005FD989 /* CoreGraphics.framework */,
				BA4CEC39195D2058005FD989 /* UIKit.framework */,
				BA4CEC54195D2058005FD989 /* XCTest.framework */,
			);
			name = Frameworks;
			sourceTree = "<group>";
		};
		BA4CEC3B195D2058005FD989 /* FeResponsiveInteraction */ = {
			isa = PBXGroup;
			children = (
				BA4CEC72195D239B005FD989 /* Resuable Code */,
				BA4CEC6A195D2235005FD989 /* Responsive Interaction */,
				BA4CEC44195D2058005FD989 /* FeAppDelegate.h */,
				BA4CEC45195D2058005FD989 /* FeAppDelegate.m */,
				BA4CEC47195D2058005FD989 /* Main.storyboard */,
				BA4CEC4A195D2058005FD989 /* FeViewController.h */,
				BA4CEC4B195D2058005FD989 /* FeViewController.m */,
				BA4CEC4D195D2058005FD989 /* Images.xcassets */,
				BA4CEC3C195D2058005FD989 /* Supporting Files */,
			);
			path = FeResponsiveInteraction;
			sourceTree = "<group>";
		};
		BA4CEC3C195D2058005FD989 /* Supporting Files */ = {
			isa = PBXGroup;
			children = (
				BA4CEC3D195D2058005FD989 /* FeResponsiveInteraction-Info.plist */,
				BA4CEC3E195D2058005FD989 /* InfoPlist.strings */,
				BA4CEC41195D2058005FD989 /* main.m */,
				BA4CEC43195D2058005FD989 /* FeResponsiveInteraction-Prefix.pch */,
			);
			name = "Supporting Files";
			sourceTree = "<group>";
		};
		BA4CEC5A195D2058005FD989 /* FeResponsiveInteractionTests */ = {
			isa = PBXGroup;
			children = (
				BA4CEC60195D2058005FD989 /* FeResponsiveInteractionTests.m */,
				BA4CEC5B195D2058005FD989 /* Supporting Files */,
			);
			path = FeResponsiveInteractionTests;
			sourceTree = "<group>";
		};
		BA4CEC5B195D2058005FD989 /* Supporting Files */ = {
			isa = PBXGroup;
			children = (
				BA4CEC5C195D2058005FD989 /* FeResponsiveInteractionTests-Info.plist */,
				BA4CEC5D195D2058005FD989 /* InfoPlist.strings */,
			);
			name = "Supporting Files";
			sourceTree = "<group>";
		};
		BA4CEC6A195D2235005FD989 /* Responsive Interaction */ = {
			isa = PBXGroup;
			children = (
				BA68A8F8195D69B600144448 /* FeBasicAnimationBlock.h */,
				BA68A8F9195D69B600144448 /* FeBasicAnimationBlock.m */,
				BA4CEC6B195D228A005FD989 /* UILabel+ResponsiveInteraction.h */,
				BA4CEC6C195D228B005FD989 /* UILabel+ResponsiveInteraction.m */,
				BAF74EBB1961496B002DC18A /* UIButton+ResponsiveInteraction.h */,
				BAF74EBC1961496B002DC18A /* UIButton+ResponsiveInteraction.m */,
			);
			name = "Responsive Interaction";
			sourceTree = "<group>";
		};
		BA4CEC72195D239B005FD989 /* Resuable Code */ = {
			isa = PBXGroup;
			children = (
				BA4CEC6F195D2399005FD989 /* UIColor+flat.h */,
				BA4CEC70195D2399005FD989 /* UIColor+flat.m */,
			);
			name = "Resuable Code";
			sourceTree = "<group>";
		};
/* End PBXGroup section */

/* Begin PBXNativeTarget section */
		BA4CEC31195D2058005FD989 /* FeResponsiveInteraction */ = {
			isa = PBXNativeTarget;
			buildConfigurationList = BA4CEC64195D2058005FD989 /* Build configuration list for PBXNativeTarget "FeResponsiveInteraction" */;
			buildPhases = (
				BA4CEC2E195D2058005FD989 /* Sources */,
				BA4CEC2F195D2058005FD989 /* Frameworks */,
				BA4CEC30195D2058005FD989 /* Resources */,
			);
			buildRules = (
			);
			dependencies = (
			);
			name = FeResponsiveInteraction;
			productName = FeResponsiveInteraction;
			productReference = BA4CEC32195D2058005FD989 /* FeResponsiveInteraction.app */;
			productType = "com.apple.product-type.application";
		};
		BA4CEC52195D2058005FD989 /* FeResponsiveInteractionTests */ = {
			isa = PBXNativeTarget;
			buildConfigurationList = BA4CEC67195D2058005FD989 /* Build configuration list for PBXNativeTarget "FeResponsiveInteractionTests" */;
			buildPhases = (
				BA4CEC4F195D2058005FD989 /* Sources */,
				BA4CEC50195D2058005FD989 /* Frameworks */,
				BA4CEC51195D2058005FD989 /* Resources */,
			);
			buildRules = (
			);
			dependencies = (
				BA4CEC59195D2058005FD989 /* PBXTargetDependency */,
			);
			name = FeResponsiveInteractionTests;
			productName = FeResponsiveInteractionTests;
			productReference = BA4CEC53195D2058005FD989 /* FeResponsiveInteractionTests.xctest */;
			productType = "com.apple.product-type.bundle.unit-test";
		};
/* End PBXNativeTarget section */

/* Begin PBXProject section */
		BA4CEC2A195D2058005FD989 /* Project object */ = {
			isa = PBXProject;
			attributes = {
				CLASSPREFIX = Fe;
				LastUpgradeCheck = 0510;
				ORGANIZATIONNAME = Fe;
				TargetAttributes = {
					BA4CEC31195D2058005FD989 = {
						DevelopmentTeam = D54Y88Y9CY;
					};
					BA4CEC52195D2058005FD989 = {
						TestTargetID = BA4CEC31195D2058005FD989;
					};
				};
			};
			buildConfigurationList = BA4CEC2D195D2058005FD989 /* Build configuration list for PBXProject "FeResponsiveInteraction" */;
			compatibilityVersion = "Xcode 3.2";
			developmentRegion = English;
			hasScannedForEncodings = 0;
			knownRegions = (
				en,
				Base,
			);
			mainGroup = BA4CEC29195D2058005FD989;
			productRefGroup = BA4CEC33195D2058005FD989 /* Products */;
			projectDirPath = "";
			projectRoot = "";
			targets = (
				BA4CEC31195D2058005FD989 /* FeResponsiveInteraction */,
				BA4CEC52195D2058005FD989 /* FeResponsiveInteractionTests */,
			);
		};
/* End PBXProject section */

/* Begin PBXResourcesBuildPhase section */
		BA4CEC30195D2058005FD989 /* Resources */ = {
			isa = PBXResourcesBuildPhase;
			buildActionMask = 2147483647;
			files = (
				BA4CEC4E195D2058005FD989 /* Images.xcassets in Resources */,
				BA4CEC40195D2058005FD989 /* InfoPlist.strings in Resources */,
				BA4CEC49195D2058005FD989 /* Main.storyboard in Resources */,
			);
			runOnlyForDeploymentPostprocessing = 0;
		};
		BA4CEC51195D2058005FD989 /* Resources */ = {
			isa = PBXResourcesBuildPhase;
			buildActionMask = 2147483647;
			files = (
				BA4CEC5F195D2058005FD989 /* InfoPlist.strings in Resources */,
			);
			runOnlyForDeploymentPostprocessing = 0;
		};
/* End PBXResourcesBuildPhase section */

/* Begin PBXSourcesBuildPhase section */
		BA4CEC2E195D2058005FD989 /* Sources */ = {
			isa = PBXSourcesBuildPhase;
			buildActionMask = 2147483647;
			files = (
				BA68A8FA195D69B600144448 /* FeBasicAnimationBlock.m in Sources */,
				BA4CEC42195D2058005FD989 /* main.m in Sources */,
				BA4CEC6D195D228B005FD989 /* UILabel+ResponsiveInteraction.m in Sources */,
				BA4CEC4C195D2058005FD989 /* FeViewController.m in Sources */,
				BA4CEC46195D2058005FD989 /* FeAppDelegate.m in Sources */,
				BA4CEC71195D2399005FD989 /* UIColor+flat.m in Sources */,
				BAF74EBD1961496B002DC18A /* UIButton+ResponsiveInteraction.m in Sources */,
			);
			runOnlyForDeploymentPostprocessing = 0;
		};
		BA4CEC4F195D2058005FD989 /* Sources */ = {
			isa = PBXSourcesBuildPhase;
			buildActionMask = 2147483647;
			files = (
				BA4CEC61195D2058005FD989 /* FeResponsiveInteractionTests.m in Sources */,
			);
			runOnlyForDeploymentPostprocessing = 0;
		};
/* End PBXSourcesBuildPhase section */

/* Begin PBXTargetDependency section */
		BA4CEC59195D2058005FD989 /* PBXTargetDependency */ = {
			isa = PBXTargetDependency;
			target = BA4CEC31195D2058005FD989 /* FeResponsiveInteraction */;
			targetProxy = BA4CEC58195D2058005FD989 /* PBXContainerItemProxy */;
		};
/* End PBXTargetDependency section */

/* Begin PBXVariantGroup section */
		BA4CEC3E195D2058005FD989 /* InfoPlist.strings */ = {
			isa = PBXVariantGroup;
			children = (
				BA4CEC3F195D2058005FD989 /* en */,
			);
			name = InfoPlist.strings;
			sourceTree = "<group>";
		};
		BA4CEC47195D2058005FD989 /* Main.storyboard */ = {
			isa = PBXVariantGroup;
			children = (
				BA4CEC48195D2058005FD989 /* Base */,
			);
			name = Main.storyboard;
			sourceTree = "<group>";
		};
		BA4CEC5D195D2058005FD989 /* InfoPlist.strings */ = {
			isa = PBXVariantGroup;
			children = (
				BA4CEC5E195D2058005FD989 /* en */,
			);
			name = InfoPlist.strings;
			sourceTree = "<group>";
		};
/* End PBXVariantGroup section */

/* Begin XCBuildConfiguration section */
		BA4CEC62195D2058005FD989 /* Debug */ = {
			isa = XCBuildConfiguration;
			buildSettings = {
				ALWAYS_SEARCH_USER_PATHS = NO;
				CLANG_CXX_LANGUAGE_STANDARD = "gnu++0x";
				CLANG_CXX_LIBRARY = "libc++";
				CLANG_ENABLE_MODULES = YES;
				CLANG_ENABLE_OBJC_ARC = YES;
				CLANG_WARN_BOOL_CONVERSION = YES;
				CLANG_WARN_CONSTANT_CONVERSION = YES;
				CLANG_WARN_DIRECT_OBJC_ISA_USAGE = YES_ERROR;
				CLANG_WARN_EMPTY_BODY = YES;
				CLANG_WARN_ENUM_CONVERSION = YES;
				CLANG_WARN_INT_CONVERSION = YES;
				CLANG_WARN_OBJC_ROOT_CLASS = YES_ERROR;
				CLANG_WARN__DUPLICATE_METHOD_MATCH = YES;
				"CODE_SIGN_IDENTITY[sdk=iphoneos*]" = "iPhone Developer";
				COPY_PHASE_STRIP = NO;
				GCC_C_LANGUAGE_STANDARD = gnu99;
				GCC_DYNAMIC_NO_PIC = NO;
				GCC_OPTIMIZATION_LEVEL = 0;
				GCC_PREPROCESSOR_DEFINITIONS = (
					"DEBUG=1",
					"$(inherited)",
				);
				GCC_SYMBOLS_PRIVATE_EXTERN = NO;
				GCC_WARN_64_TO_32_BIT_CONVERSION = YES;
				GCC_WARN_ABOUT_RETURN_TYPE = YES_ERROR;
				GCC_WARN_UNDECLARED_SELECTOR = YES;
				GCC_WARN_UNINITIALIZED_AUTOS = YES_AGGRESSIVE;
				GCC_WARN_UNUSED_FUNCTION = YES;
				GCC_WARN_UNUSED_VARIABLE = YES;
				IPHONEOS_DEPLOYMENT_TARGET = 7.1;
				ONLY_ACTIVE_ARCH = YES;
				SDKROOT = iphoneos;
				TARGETED_DEVICE_FAMILY = 2;
			};
			name = Debug;
		};
		BA4CEC63195D2058005FD989 /* Release */ = {
			isa = XCBuildConfiguration;
			buildSettings = {
				ALWAYS_SEARCH_USER_PATHS = NO;
				CLANG_CXX_LANGUAGE_STANDARD = "gnu++0x";
				CLANG_CXX_LIBRARY = "libc++";
				CLANG_ENABLE_MODULES = YES;
				CLANG_ENABLE_OBJC_ARC = YES;
				CLANG_WARN_BOOL_CONVERSION = YES;
				CLANG_WARN_CONSTANT_CONVERSION = YES;
				CLANG_WARN_DIRECT_OBJC_ISA_USAGE = YES_ERROR;
				CLANG_WARN_EMPTY_BODY = YES;
				CLANG_WARN_ENUM_CONVERSION = YES;
				CLANG_WARN_INT_CONVERSION = YES;
				CLANG_WARN_OBJC_ROOT_CLASS = YES_ERROR;
				CLANG_WARN__DUPLICATE_METHOD_MATCH = YES;
				"CODE_SIGN_IDENTITY[sdk=iphoneos*]" = "iPhone Developer";
				COPY_PHASE_STRIP = YES;
				ENABLE_NS_ASSERTIONS = NO;
				GCC_C_LANGUAGE_STANDARD = gnu99;
				GCC_WARN_64_TO_32_BIT_CONVERSION = YES;
				GCC_WARN_ABOUT_RETURN_TYPE = YES_ERROR;
				GCC_WARN_UNDECLARED_SELECTOR = YES;
				GCC_WARN_UNINITIALIZED_AUTOS = YES_AGGRESSIVE;
				GCC_WARN_UNUSED_FUNCTION = YES;
				GCC_WARN_UNUSED_VARIABLE = YES;
				IPHONEOS_DEPLOYMENT_TARGET = 7.1;
				SDKROOT = iphoneos;
				TARGETED_DEVICE_FAMILY = 2;
				VALIDATE_PRODUCT = YES;
			};
			name = Release;
		};
		BA4CEC65195D2058005FD989 /* Debug */ = {
			isa = XCBuildConfiguration;
			buildSettings = {
				ASSETCATALOG_COMPILER_APPICON_NAME = AppIcon;
				ASSETCATALOG_COMPILER_LAUNCHIMAGE_NAME = LaunchImage;
				CODE_SIGN_IDENTITY = "iPhone Developer";
				"CODE_SIGN_IDENTITY[sdk=iphoneos*]" = "iPhone Developer";
				GCC_PRECOMPILE_PREFIX_HEADER = YES;
				GCC_PREFIX_HEADER = "FeResponsiveInteraction/FeResponsiveInteraction-Prefix.pch";
				INFOPLIST_FILE = "FeResponsiveInteraction/FeResponsiveInteraction-Info.plist";
				PRODUCT_NAME = "$(TARGET_NAME)";
				PROVISIONING_PROFILE = "";
				WRAPPER_EXTENSION = app;
			};
			name = Debug;
		};
		BA4CEC66195D2058005FD989 /* Release */ = {
			isa = XCBuildConfiguration;
			buildSettings = {
				ASSETCATALOG_COMPILER_APPICON_NAME = AppIcon;
				ASSETCATALOG_COMPILER_LAUNCHIMAGE_NAME = LaunchImage;
				CODE_SIGN_IDENTITY = "iPhone Developer";
				"CODE_SIGN_IDENTITY[sdk=iphoneos*]" = "iPhone Developer";
				GCC_PRECOMPILE_PREFIX_HEADER = YES;
				GCC_PREFIX_HEADER = "FeResponsiveInteraction/FeResponsiveInteraction-Prefix.pch";
				INFOPLIST_FILE = "FeResponsiveInteraction/FeResponsiveInteraction-Info.plist";
				PRODUCT_NAME = "$(TARGET_NAME)";
				PROVISIONING_PROFILE = "";
				WRAPPER_EXTENSION = app;
			};
			name = Release;
		};
		BA4CEC68195D2058005FD989 /* Debug */ = {
			isa = XCBuildConfiguration;
			buildSettings = {
				BUNDLE_LOADER = "$(BUILT_PRODUCTS_DIR)/FeResponsiveInteraction.app/FeResponsiveInteraction";
				FRAMEWORK_SEARCH_PATHS = (
					"$(SDKROOT)/Developer/Library/Frameworks",
					"$(inherited)",
					"$(DEVELOPER_FRAMEWORKS_DIR)",
				);
				GCC_PRECOMPILE_PREFIX_HEADER = YES;
				GCC_PREFIX_HEADER = "FeResponsiveInteraction/FeResponsiveInteraction-Prefix.pch";
				GCC_PREPROCESSOR_DEFINITIONS = (
					"DEBUG=1",
					"$(inherited)",
				);
				INFOPLIST_FILE = "FeResponsiveInteractionTests/FeResponsiveInteractionTests-Info.plist";
				PRODUCT_NAME = "$(TARGET_NAME)";
				TEST_HOST = "$(BUNDLE_LOADER)";
				WRAPPER_EXTENSION = xctest;
			};
			name = Debug;
		};
		BA4CEC69195D2058005FD989 /* Release */ = {
			isa = XCBuildConfiguration;
			buildSettings = {
				BUNDLE_LOADER = "$(BUILT_PRODUCTS_DIR)/FeResponsiveInteraction.app/FeResponsiveInteraction";
				FRAMEWORK_SEARCH_PATHS = (
					"$(SDKROOT)/Developer/Library/Frameworks",
					"$(inherited)",
					"$(DEVELOPER_FRAMEWORKS_DIR)",
				);
				GCC_PRECOMPILE_PREFIX_HEADER = YES;
				GCC_PREFIX_HEADER = "FeResponsiveInteraction/FeResponsiveInteraction-Prefix.pch";
				INFOPLIST_FILE = "FeResponsiveInteractionTests/FeResponsiveInteractionTests-Info.plist";
				PRODUCT_NAME = "$(TARGET_NAME)";
				TEST_HOST = "$(BUNDLE_LOADER)";
				WRAPPER_EXTENSION = xctest;
			};
			name = Release;
		};
/* End XCBuildConfiguration section */

/* Begin XCConfigurationList section */
		BA4CEC2D195D2058005FD989 /* Build configuration list for PBXProject "FeResponsiveInteraction" */ = {
			isa = XCConfigurationList;
			buildConfigurations = (
				BA4CEC62195D2058005FD989 /* Debug */,
				BA4CEC63195D2058005FD989 /* Release */,
			);
			defaultConfigurationIsVisible = 0;
			defaultConfigurationName = Release;
		};
		BA4CEC64195D2058005FD989 /* Build configuration list for PBXNativeTarget "FeResponsiveInteraction" */ = {
			isa = XCConfigurationList;
			buildConfigurations = (
				BA4CEC65195D2058005FD989 /* Debug */,
				BA4CEC66195D2058005FD989 /* Release */,
			);
			defaultConfigurationIsVisible = 0;
			defaultConfigurationName = Release;
		};
		BA4CEC67195D2058005FD989 /* Build configuration list for PBXNativeTarget "FeResponsiveInteractionTests" */ = {
			isa = XCConfigurationList;
			buildConfigurations = (
				BA4CEC68195D2058005FD989 /* Debug */,
				BA4CEC69195D2058005FD989 /* Release */,
			);
			defaultConfigurationIsVisible = 0;
			defaultConfigurationName = Release;
		};
/* End XCConfigurationList section */
	};
	rootObject = BA4CEC2A195D2058005FD989 /* Project object */;
}
